<?xml version="1.0" encoding="utf-8"?>
<Project ToolsVersion="4.0" xmlns="http://schemas.microsoft.com/developer/msbuild/2003">
  <ItemGroup>
    <Filter Include="源文件">
      <UniqueIdentifier>{4FC737F1-C7A5-4376-A066-2A32D752A2FF}</UniqueIdentifier>
      <Extensions>cpp;c;cc;cxx;c++;cppm;ixx;def;odl;idl;hpj;bat;asm;asmx</Extensions>
    </Filter>
    <Filter Include="头文件">
      <UniqueIdentifier>{93995380-89BD-4b04-88EB-625FBE52EBFB}</UniqueIdentifier>
      <Extensions>h;hh;hpp;hxx;h++;hm;inl;inc;ipp;xsd</Extensions>
    </Filter>
    <Filter Include="资源文件">
      <UniqueIdentifier>{67DA6AB6-F800-4c08-8B7A-83BB121AAD01}</UniqueIdentifier>
      <Extensions>rc;ico;cur;bmp;dlg;rc2;rct;bin;rgs;gif;jpg;jpeg;jpe;resx;tiff;tif;png;wav;mfcribbon-ms</Extensions>
    </Filter>
  </ItemGroup>
  <ItemGroup>
    <ClInclude Include="MFCDigitalProcessCurriculumDesign.h">
      <Filter>头文件</Filter>
    </ClInclude>
    <ClInclude Include="MFCDigitalProcessCurriculumDesignDlg.h">
      <Filter>头文件</Filter>
    </ClInclude>
    <ClInclude Include="framework.h">
      <Filter>头文件</Filter>
    </ClInclude>
    <ClInclude Include="targetver.h">
      <Filter>头文件</Filter>
    </ClInclude>
    <ClInclude Include="Resource.h">
      <Filter>头文件</Filter>
    </ClInclude>
    <ClInclude Include="pch.h">
      <Filter>头文件</Filter>
    </ClInclude>
    <ClInclude Include="CImageProcessing.h">
      <Filter>头文件</Filter>
    </ClInclude>
    <ClInclude Include="LinearTransformDlg.h">
      <Filter>头文件</Filter>
    </ClInclude>
    <ClInclude Include="LogTransformDlg.h">
      <Filter>头文件</Filter>
    </ClInclude>
    <ClInclude Include="GammaCorrectionDlg.h">
      <Filter>头文件</Filter>
    </ClInclude>
    <ClInclude Include="ErodeImageDlg.h">
      <Filter>头文件</Filter>
    </ClInclude>
    <ClInclude Include="DilateImageDlg.h">
      <Filter>头文件</Filter>
    </ClInclude>
    <ClInclude Include="FixedThresholdSegmentationDlg.h">
      <Filter>头文件</Filter>
    </ClInclude>
    <ClInclude Include="RegionGrowingDlg.h">
      <Filter>头文件</Filter>
    </ClInclude>
    <ClInclude Include="CannyEdgeDetectiondlg.h">
      <Filter>头文件</Filter>
    </ClInclude>
    <ClInclude Include="MeanFilterDlg.h">
      <Filter>头文件</Filter>
    </ClInclude>
    <ClInclude Include="MedianFilterDlg.h">
      <Filter>头文件</Filter>
    </ClInclude>
    <ClInclude Include="GaussianFilterDlg.h">
      <Filter>头文件</Filter>
    </ClInclude>
    <ClInclude Include="CropGrayImageDlg.h">
      <Filter>头文件</Filter>
    </ClInclude>
    <ClInclude Include="MorphologyOpenDlg.h">
      <Filter>头文件</Filter>
    </ClInclude>
    <ClInclude Include="MorphologyCloseDlg.h">
      <Filter>头文件</Filter>
    </ClInclude>
    <ClInclude Include="RotateImageDlg.h">
      <Filter>头文件</Filter>
    </ClInclude>
    <ClInclude Include="FlipImageDlg.h">
      <Filter>头文件</Filter>
    </ClInclude>
    <ClInclude Include="ChangeSizeDlg.h">
      <Filter>头文件</Filter>
    </ClInclude>
  </ItemGroup>
  <ItemGroup>
    <ClCompile Include="MFCDigitalProcessCurriculumDesign.cpp">
      <Filter>源文件</Filter>
    </ClCompile>
    <ClCompile Include="MFCDigitalProcessCurriculumDesignDlg.cpp">
      <Filter>源文件</Filter>
    </ClCompile>
    <ClCompile Include="pch.cpp">
      <Filter>源文件</Filter>
    </ClCompile>
    <ClCompile Include="CImageProcessing.cpp">
      <Filter>源文件</Filter>
    </ClCompile>
    <ClCompile Include="LinearTransformDlg.cpp">
      <Filter>源文件</Filter>
    </ClCompile>
    <ClCompile Include="LogTransformDlg.cpp">
      <Filter>源文件</Filter>
    </ClCompile>
    <ClCompile Include="GammaCorrectionDlg.cpp">
      <Filter>源文件</Filter>
    </ClCompile>
    <ClCompile Include="ErodeImageDlg.cpp">
      <Filter>源文件</Filter>
    </ClCompile>
    <ClCompile Include="DilateImageDlg.cpp">
      <Filter>源文件</Filter>
    </ClCompile>
    <ClCompile Include="FixedThresholdSegmentationDlg.cpp">
      <Filter>源文件</Filter>
    </ClCompile>
    <ClCompile Include="RegionGrowingDlg.cpp">
      <Filter>源文件</Filter>
    </ClCompile>
    <ClCompile Include="CannyEdgeDetectiondlg.cpp">
      <Filter>源文件</Filter>
    </ClCompile>
    <ClCompile Include="MeanFilterDlg.cpp">
      <Filter>源文件</Filter>
    </ClCompile>
    <ClCompile Include="MedianFilterDlg.cpp">
      <Filter>源文件</Filter>
    </ClCompile>
    <ClCompile Include="GaussianFilterDlg.cpp">
      <Filter>源文件</Filter>
    </ClCompile>
    <ClCompile Include="CropGrayImageDlg.cpp">
      <Filter>源文件</Filter>
    </ClCompile>
    <ClCompile Include="MorphologyOpenDlg.cpp">
      <Filter>源文件</Filter>
    </ClCompile>
    <ClCompile Include="MorphologyCloseDlg.cpp">
      <Filter>源文件</Filter>
    </ClCompile>
    <ClCompile Include="RotateImageDlg.cpp">
      <Filter>源文件</Filter>
    </ClCompile>
    <ClCompile Include="FlipImageDlg.cpp">
      <Filter>源文件</Filter>
    </ClCompile>
    <ClCompile Include="ChangeSizeDlg.cpp">
      <Filter>源文件</Filter>
    </ClCompile>
  </ItemGroup>
  <ItemGroup>
    <ResourceCompile Include="MFCDigitalProcessCurriculumDesign.rc">
      <Filter>资源文件</Filter>
    </ResourceCompile>
  </ItemGroup>
  <ItemGroup>
    <None Include="res\MFCDigitalProcessCurriculumDesign.rc2">
      <Filter>资源文件</Filter>
    </None>
  </ItemGroup>
  <ItemGroup>
    <Image Include="res\MFCDigitalProcessCurriculumDesign.ico">
      <Filter>资源文件</Filter>
    </Image>
  </ItemGroup>
</Project>